
Microsoft Visual Studio Solution File, Format Version 12.00
# Visual Studio Version 16
VisualStudioVersion = 16.0.30114.105
MinimumVisualStudioVersion = 10.0.40219.1
Project("{F184B08F-C81C-45F6-A57F-5ABD9991F28F}") = "assignment", "assignment.vbproj", "{7AEBF0E9-38B7-44FD-B28F-83CC312E9966}"
EndProject
Global
	GlobalSection(SolutionConfigurationPlatforms) = preSolution
		Debug|Any CPU = Debug|Any CPU
		Release|Any CPU = Release|Any CPU
	EndGlobalSection
	GlobalSection(ProjectConfigurationPlatforms) = postSolution
		{7AEBF0E9-38B7-44FD-B28F-83CC312E9966}.Debug|Any CPU.ActiveCfg = Debug|Any CPU
		{7AEBF0E9-38B7-44FD-B28F-83CC312E9966}.Debug|Any CPU.Build.0 = Debug|Any CPU
		{7AEBF0E9-38B7-44FD-B28F-83CC312E9966}.Release|Any CPU.ActiveCfg = Release|Any CPU
		{7AEBF0E9-38B7-44FD-B28F-83CC312E9966}.Release|Any CPU.Build.0 = Release|Any CPU
	EndGlobalSection
	GlobalSection(SolutionProperties) = preSolution
		HideSolutionNode = FALSE
	EndGlobalSection
	GlobalSection(ExtensibilityGlobals) = postSolution
		SolutionGuid = {7A8F8F8F-A418-4478-9EBF-614BC36ACA62}
	EndGlobalSection
EndGlobal
